
Microsoft Visual Studio Solution File, Format Version 12.00
# Visual Studio Version 16
VisualStudioVersion = 16.0.29613.14
MinimumVisualStudioVersion = 10.0.40219.1
Project("{9A19103F-16F7-4668-BE54-9A1E7A4F7556}") = "Logic", "Logic\Logic.csproj", "{654F673C-BE02-4AE9-8C9A-A4A97A6C3557}"
EndProject
Global
	GlobalSection(SolutionConfigurationPlatforms) = preSolution
		Debug|Any CPU = Debug|Any CPU
		Release|Any CPU = Release|Any CPU
	EndGlobalSection
	GlobalSection(ProjectConfigurationPlatforms) = postSolution
		{654F673C-BE02-4AE9-8C9A-A4A97A6C3557}.Debug|Any CPU.ActiveCfg = Debug|Any CPU
		{654F673C-BE02-4AE9-8C9A-A4A97A6C3557}.Debug|Any CPU.Build.0 = Debug|Any CPU
		{654F673C-BE02-4AE9-8C9A-A4A97A6C3557}.Release|Any CPU.ActiveCfg = Release|Any CPU
		{654F673C-BE02-4AE9-8C9A-A4A97A6C3557}.Release|Any CPU.Build.0 = Release|Any CPU
	EndGlobalSection
	GlobalSection(SolutionProperties) = preSolution
		HideSolutionNode = FALSE
	EndGlobalSection
	GlobalSection(ExtensibilityGlobals) = postSolution
		SolutionGuid = {2AF6458B-AD0A-44DF-BE6D-1C3A013145C6}
	EndGlobalSection
EndGlobal
