
Microsoft Visual Studio Solution File, Format Version 12.00
# Visual Studio Version 16
VisualStudioVersion = 16.0.29613.14
MinimumVisualStudioVersion = 10.0.40219.1
Project("{9A19103F-16F7-4668-BE54-9A1E7A4F7556}") = "Core", "Core\Core.csproj", "{2C79AFBA-B8D6-49E7-9CEF-FEF511E38272}"
EndProject
Project("{FAE04EC0-301F-11D3-BF4B-00C04F79EFBC}") = "RandomTurnBot", "RandomTurnBot\RandomTurnBot.csproj", "{0E167846-1015-4505-8DBE-A2258BC4F814}"
EndProject
Project("{2150E333-8FDC-42A3-9474-1A3956D46DE8}") = "Clients", "Clients", "{3D809B9C-FD85-4E73-B702-0C44F0382725}"
EndProject
Project("{FAE04EC0-301F-11D3-BF4B-00C04F79EFBC}") = "Local.Console.Client", "Clients\LocalConsole\Local.Console.Client.csproj", "{D7BDAB9F-B92E-4D73-9AEC-29DF4E5EBA0A}"
EndProject
Global
	GlobalSection(SolutionConfigurationPlatforms) = preSolution
		Debug|Any CPU = Debug|Any CPU
		Release|Any CPU = Release|Any CPU
	EndGlobalSection
	GlobalSection(ProjectConfigurationPlatforms) = postSolution
		{2C79AFBA-B8D6-49E7-9CEF-FEF511E38272}.Debug|Any CPU.ActiveCfg = Debug|Any CPU
		{2C79AFBA-B8D6-49E7-9CEF-FEF511E38272}.Debug|Any CPU.Build.0 = Debug|Any CPU
		{2C79AFBA-B8D6-49E7-9CEF-FEF511E38272}.Release|Any CPU.ActiveCfg = Release|Any CPU
		{2C79AFBA-B8D6-49E7-9CEF-FEF511E38272}.Release|Any CPU.Build.0 = Release|Any CPU
		{0E167846-1015-4505-8DBE-A2258BC4F814}.Debug|Any CPU.ActiveCfg = Debug|Any CPU
		{0E167846-1015-4505-8DBE-A2258BC4F814}.Debug|Any CPU.Build.0 = Debug|Any CPU
		{0E167846-1015-4505-8DBE-A2258BC4F814}.Release|Any CPU.ActiveCfg = Release|Any CPU
		{0E167846-1015-4505-8DBE-A2258BC4F814}.Release|Any CPU.Build.0 = Release|Any CPU
		{D7BDAB9F-B92E-4D73-9AEC-29DF4E5EBA0A}.Debug|Any CPU.ActiveCfg = Debug|Any CPU
		{D7BDAB9F-B92E-4D73-9AEC-29DF4E5EBA0A}.Debug|Any CPU.Build.0 = Debug|Any CPU
		{D7BDAB9F-B92E-4D73-9AEC-29DF4E5EBA0A}.Release|Any CPU.ActiveCfg = Release|Any CPU
		{D7BDAB9F-B92E-4D73-9AEC-29DF4E5EBA0A}.Release|Any CPU.Build.0 = Release|Any CPU
	EndGlobalSection
	GlobalSection(SolutionProperties) = preSolution
		HideSolutionNode = FALSE
	EndGlobalSection
	GlobalSection(NestedProjects) = preSolution
		{D7BDAB9F-B92E-4D73-9AEC-29DF4E5EBA0A} = {3D809B9C-FD85-4E73-B702-0C44F0382725}
	EndGlobalSection
	GlobalSection(ExtensibilityGlobals) = postSolution
		SolutionGuid = {2AF6458B-AD0A-44DF-BE6D-1C3A013145C6}
	EndGlobalSection
EndGlobal
