
Microsoft Visual Studio Solution File, Format Version 12.00
# Visual Studio Version 16
VisualStudioVersion = 16.0.30611.23
MinimumVisualStudioVersion = 10.0.40219.1
Project("{9A19103F-16F7-4668-BE54-9A1E7A4F7556}") = "TicTacToe.Core", "Core\TicTacToe.Core.csproj", "{1C4F0D98-A6F7-4F12-94BE-04FA64172CCC}"
EndProject
Project("{2150E333-8FDC-42A3-9474-1A3956D46DE8}") = "ClientNative", "ClientNative", "{B10BF4AD-C501-4886-804B-CFEEC6CBF731}"
EndProject
Project("{2150E333-8FDC-42A3-9474-1A3956D46DE8}") = "Console", "Console", "{5BB8938C-C984-4728-A3B1-9A2DF926B89D}"
EndProject
Project("{2150E333-8FDC-42A3-9474-1A3956D46DE8}") = "Bot", "Bot", "{81066B42-F222-4A49-84B5-F87B21B8F8F8}"
EndProject
Project("{2150E333-8FDC-42A3-9474-1A3956D46DE8}") = "RandomTurn", "RandomTurn", "{68E93189-2DAE-41F2-9679-CC433A95C768}"
EndProject
Project("{9A19103F-16F7-4668-BE54-9A1E7A4F7556}") = "TicTacToe.Bot.RandomTurn", "Bot\RandomTurn\TicTacToe.Bot.RandomTurn.csproj", "{117A7BB4-32C4-4698-A265-5942D555432F}"
EndProject
Project("{2150E333-8FDC-42A3-9474-1A3956D46DE8}") = "Tests", "Tests", "{D3F13D14-D2C7-4477-829C-484E0667BDA1}"
EndProject
Project("{2150E333-8FDC-42A3-9474-1A3956D46DE8}") = "Server", "Server", "{D822EFFB-BFD4-47E4-A6D4-C6B6E417EB28}"
EndProject
Project("{9A19103F-16F7-4668-BE54-9A1E7A4F7556}") = "TicTacToe.Core.Tests", "Tests\TicTacToe.Core.Tests\TicTacToe.Core.Tests.csproj", "{D893329F-EBDE-43CD-817A-DA5429028BD6}"
EndProject
Project("{9A19103F-16F7-4668-BE54-9A1E7A4F7556}") = "TicTacToe.Domain", "Server\TicTacToe.Domain\TicTacToe.Domain.csproj", "{6015B64F-0CC1-4F16-8344-B3E31D8197E1}"
EndProject
Project("{9A19103F-16F7-4668-BE54-9A1E7A4F7556}") = "TicTacToe.Web", "Server\TicTacToe.Web\TicTacToe.Web.csproj", "{96D4345C-7BDC-416B-8589-094170F10493}"
EndProject
Project("{9A19103F-16F7-4668-BE54-9A1E7A4F7556}") = "TicTacToe.App", "Server\TicTacToe.App\TicTacToe.App.csproj", "{A6565789-E493-435F-ACF0-DD99D0AA4298}"
EndProject
Project("{9A19103F-16F7-4668-BE54-9A1E7A4F7556}") = "TicTacToe.Dal", "Server\TicTacToe.Dal\TicTacToe.Dal.csproj", "{D85A6D02-D300-4E2F-8EB1-ECB776040FA3}"
EndProject
Project("{9A19103F-16F7-4668-BE54-9A1E7A4F7556}") = "TicTacToe.ClientNative.ConsoleClient", "ClientNative\Console\TicTacToe.ClientNative.ConsoleClient.csproj", "{2E2C6E62-0759-4642-9E03-47C7FABFD9EC}"
EndProject
Global
	GlobalSection(SolutionConfigurationPlatforms) = preSolution
		Debug|Any CPU = Debug|Any CPU
		Release|Any CPU = Release|Any CPU
	EndGlobalSection
	GlobalSection(ProjectConfigurationPlatforms) = postSolution
		{1C4F0D98-A6F7-4F12-94BE-04FA64172CCC}.Debug|Any CPU.ActiveCfg = Debug|Any CPU
		{1C4F0D98-A6F7-4F12-94BE-04FA64172CCC}.Debug|Any CPU.Build.0 = Debug|Any CPU
		{1C4F0D98-A6F7-4F12-94BE-04FA64172CCC}.Release|Any CPU.ActiveCfg = Release|Any CPU
		{1C4F0D98-A6F7-4F12-94BE-04FA64172CCC}.Release|Any CPU.Build.0 = Release|Any CPU
		{117A7BB4-32C4-4698-A265-5942D555432F}.Debug|Any CPU.ActiveCfg = Debug|Any CPU
		{117A7BB4-32C4-4698-A265-5942D555432F}.Debug|Any CPU.Build.0 = Debug|Any CPU
		{117A7BB4-32C4-4698-A265-5942D555432F}.Release|Any CPU.ActiveCfg = Release|Any CPU
		{117A7BB4-32C4-4698-A265-5942D555432F}.Release|Any CPU.Build.0 = Release|Any CPU
		{D893329F-EBDE-43CD-817A-DA5429028BD6}.Debug|Any CPU.ActiveCfg = Debug|Any CPU
		{D893329F-EBDE-43CD-817A-DA5429028BD6}.Debug|Any CPU.Build.0 = Debug|Any CPU
		{D893329F-EBDE-43CD-817A-DA5429028BD6}.Release|Any CPU.ActiveCfg = Release|Any CPU
		{D893329F-EBDE-43CD-817A-DA5429028BD6}.Release|Any CPU.Build.0 = Release|Any CPU
		{6015B64F-0CC1-4F16-8344-B3E31D8197E1}.Debug|Any CPU.ActiveCfg = Debug|Any CPU
		{6015B64F-0CC1-4F16-8344-B3E31D8197E1}.Debug|Any CPU.Build.0 = Debug|Any CPU
		{6015B64F-0CC1-4F16-8344-B3E31D8197E1}.Release|Any CPU.ActiveCfg = Release|Any CPU
		{6015B64F-0CC1-4F16-8344-B3E31D8197E1}.Release|Any CPU.Build.0 = Release|Any CPU
		{96D4345C-7BDC-416B-8589-094170F10493}.Debug|Any CPU.ActiveCfg = Debug|Any CPU
		{96D4345C-7BDC-416B-8589-094170F10493}.Debug|Any CPU.Build.0 = Debug|Any CPU
		{96D4345C-7BDC-416B-8589-094170F10493}.Release|Any CPU.ActiveCfg = Release|Any CPU
		{96D4345C-7BDC-416B-8589-094170F10493}.Release|Any CPU.Build.0 = Release|Any CPU
		{A6565789-E493-435F-ACF0-DD99D0AA4298}.Debug|Any CPU.ActiveCfg = Debug|Any CPU
		{A6565789-E493-435F-ACF0-DD99D0AA4298}.Debug|Any CPU.Build.0 = Debug|Any CPU
		{A6565789-E493-435F-ACF0-DD99D0AA4298}.Release|Any CPU.ActiveCfg = Release|Any CPU
		{A6565789-E493-435F-ACF0-DD99D0AA4298}.Release|Any CPU.Build.0 = Release|Any CPU
		{D85A6D02-D300-4E2F-8EB1-ECB776040FA3}.Debug|Any CPU.ActiveCfg = Debug|Any CPU
		{D85A6D02-D300-4E2F-8EB1-ECB776040FA3}.Debug|Any CPU.Build.0 = Debug|Any CPU
		{D85A6D02-D300-4E2F-8EB1-ECB776040FA3}.Release|Any CPU.ActiveCfg = Release|Any CPU
		{D85A6D02-D300-4E2F-8EB1-ECB776040FA3}.Release|Any CPU.Build.0 = Release|Any CPU
		{2E2C6E62-0759-4642-9E03-47C7FABFD9EC}.Debug|Any CPU.ActiveCfg = Debug|Any CPU
		{2E2C6E62-0759-4642-9E03-47C7FABFD9EC}.Debug|Any CPU.Build.0 = Debug|Any CPU
		{2E2C6E62-0759-4642-9E03-47C7FABFD9EC}.Release|Any CPU.ActiveCfg = Release|Any CPU
		{2E2C6E62-0759-4642-9E03-47C7FABFD9EC}.Release|Any CPU.Build.0 = Release|Any CPU
	EndGlobalSection
	GlobalSection(SolutionProperties) = preSolution
		HideSolutionNode = FALSE
	EndGlobalSection
	GlobalSection(NestedProjects) = preSolution
		{5BB8938C-C984-4728-A3B1-9A2DF926B89D} = {B10BF4AD-C501-4886-804B-CFEEC6CBF731}
		{68E93189-2DAE-41F2-9679-CC433A95C768} = {81066B42-F222-4A49-84B5-F87B21B8F8F8}
		{117A7BB4-32C4-4698-A265-5942D555432F} = {68E93189-2DAE-41F2-9679-CC433A95C768}
		{D893329F-EBDE-43CD-817A-DA5429028BD6} = {D3F13D14-D2C7-4477-829C-484E0667BDA1}
		{6015B64F-0CC1-4F16-8344-B3E31D8197E1} = {D822EFFB-BFD4-47E4-A6D4-C6B6E417EB28}
		{96D4345C-7BDC-416B-8589-094170F10493} = {D822EFFB-BFD4-47E4-A6D4-C6B6E417EB28}
		{A6565789-E493-435F-ACF0-DD99D0AA4298} = {D822EFFB-BFD4-47E4-A6D4-C6B6E417EB28}
		{D85A6D02-D300-4E2F-8EB1-ECB776040FA3} = {D822EFFB-BFD4-47E4-A6D4-C6B6E417EB28}
		{2E2C6E62-0759-4642-9E03-47C7FABFD9EC} = {5BB8938C-C984-4728-A3B1-9A2DF926B89D}
	EndGlobalSection
	GlobalSection(ExtensibilityGlobals) = postSolution
		SolutionGuid = {43DE1700-A68E-46A0-B289-054B2855F9D7}
	EndGlobalSection
EndGlobal
