
Microsoft Visual Studio Solution File, Format Version 12.00
# Visual Studio Version 17
VisualStudioVersion = 17.0.31903.59
MinimumVisualStudioVersion = 10.0.40219.1
Project("{9A19103F-16F7-4668-BE54-9A1E7A4F7556}") = "TicTacToe.Core", "Core\TicTacToe.Core.csproj", "{1C4F0D98-A6F7-4F12-94BE-04FA64172CCC}"
EndProject
Project("{2150E333-8FDC-42A3-9474-1A3956D46DE8}") = "ClientNative", "ClientNative", "{B10BF4AD-C501-4886-804B-CFEEC6CBF731}"
EndProject
Project("{2150E333-8FDC-42A3-9474-1A3956D46DE8}") = "Bot", "Bot", "{81066B42-F222-4A49-84B5-F87B21B8F8F8}"
EndProject
Project("{9A19103F-16F7-4668-BE54-9A1E7A4F7556}") = "TicTacToe.Bot.RandomTurn", "Bot\RandomTurn\TicTacToe.Bot.RandomTurn.csproj", "{117A7BB4-32C4-4698-A265-5942D555432F}"
EndProject
Project("{2150E333-8FDC-42A3-9474-1A3956D46DE8}") = "Server", "Server", "{D822EFFB-BFD4-47E4-A6D4-C6B6E417EB28}"
EndProject
Project("{9A19103F-16F7-4668-BE54-9A1E7A4F7556}") = "TicTacToe.Domain", "Server\TicTacToe.Domain\TicTacToe.Domain.csproj", "{6015B64F-0CC1-4F16-8344-B3E31D8197E1}"
EndProject
Project("{9A19103F-16F7-4668-BE54-9A1E7A4F7556}") = "TicTacToe.Web", "Server\TicTacToe.Web\TicTacToe.Web.csproj", "{96D4345C-7BDC-416B-8589-094170F10493}"
EndProject
Project("{9A19103F-16F7-4668-BE54-9A1E7A4F7556}") = "TicTacToe.App", "Server\TicTacToe.App\TicTacToe.App.csproj", "{A6565789-E493-435F-ACF0-DD99D0AA4298}"
EndProject
Project("{9A19103F-16F7-4668-BE54-9A1E7A4F7556}") = "TicTacToe.Dal", "Server\TicTacToe.Dal\TicTacToe.Dal.csproj", "{D85A6D02-D300-4E2F-8EB1-ECB776040FA3}"
EndProject
Project("{2150E333-8FDC-42A3-9474-1A3956D46DE8}") = "Utils", "Utils", "{289631F1-FED9-4024-89D0-DEE45D78F76C}"
EndProject
Project("{9A19103F-16F7-4668-BE54-9A1E7A4F7556}") = "TicTacToe.AngularClientGenerator", "Utils\TicTacToe.AngularClientGenerator\TicTacToe.AngularClientGenerator.csproj", "{27BCBB49-E191-47E6-A6C6-7737E6EAEB89}"
EndProject
Project("{2150E333-8FDC-42A3-9474-1A3956D46DE8}") = "Solution Items", "Solution Items", "{8BF0D102-B397-4EA8-B60B-AD4230148798}"
	ProjectSection(SolutionItems) = preProject
		.editorconfig = .editorconfig
	EndProjectSection
EndProject
Project("{FAE04EC0-301F-11D3-BF4B-00C04F79EFBC}") = "TicTacToe.ClientNative.ConsoleApp", "ClientNative\ConsoleApp\TicTacToe.ClientNative.ConsoleApp.csproj", "{E67CA834-8836-4475-9A85-2029769C6E38}"
EndProject
Global
	GlobalSection(SolutionConfigurationPlatforms) = preSolution
		Debug|Any CPU = Debug|Any CPU
		Release|Any CPU = Release|Any CPU
	EndGlobalSection
	GlobalSection(ProjectConfigurationPlatforms) = postSolution
		{1C4F0D98-A6F7-4F12-94BE-04FA64172CCC}.Debug|Any CPU.ActiveCfg = Debug|Any CPU
		{1C4F0D98-A6F7-4F12-94BE-04FA64172CCC}.Debug|Any CPU.Build.0 = Debug|Any CPU
		{1C4F0D98-A6F7-4F12-94BE-04FA64172CCC}.Release|Any CPU.ActiveCfg = Release|Any CPU
		{1C4F0D98-A6F7-4F12-94BE-04FA64172CCC}.Release|Any CPU.Build.0 = Release|Any CPU
		{117A7BB4-32C4-4698-A265-5942D555432F}.Debug|Any CPU.ActiveCfg = Debug|Any CPU
		{117A7BB4-32C4-4698-A265-5942D555432F}.Debug|Any CPU.Build.0 = Debug|Any CPU
		{117A7BB4-32C4-4698-A265-5942D555432F}.Release|Any CPU.ActiveCfg = Release|Any CPU
		{117A7BB4-32C4-4698-A265-5942D555432F}.Release|Any CPU.Build.0 = Release|Any CPU
		{6015B64F-0CC1-4F16-8344-B3E31D8197E1}.Debug|Any CPU.ActiveCfg = Debug|Any CPU
		{6015B64F-0CC1-4F16-8344-B3E31D8197E1}.Debug|Any CPU.Build.0 = Debug|Any CPU
		{6015B64F-0CC1-4F16-8344-B3E31D8197E1}.Release|Any CPU.ActiveCfg = Release|Any CPU
		{6015B64F-0CC1-4F16-8344-B3E31D8197E1}.Release|Any CPU.Build.0 = Release|Any CPU
		{96D4345C-7BDC-416B-8589-094170F10493}.Debug|Any CPU.ActiveCfg = Debug|Any CPU
		{96D4345C-7BDC-416B-8589-094170F10493}.Debug|Any CPU.Build.0 = Debug|Any CPU
		{96D4345C-7BDC-416B-8589-094170F10493}.Release|Any CPU.ActiveCfg = Release|Any CPU
		{96D4345C-7BDC-416B-8589-094170F10493}.Release|Any CPU.Build.0 = Release|Any CPU
		{A6565789-E493-435F-ACF0-DD99D0AA4298}.Debug|Any CPU.ActiveCfg = Debug|Any CPU
		{A6565789-E493-435F-ACF0-DD99D0AA4298}.Debug|Any CPU.Build.0 = Debug|Any CPU
		{A6565789-E493-435F-ACF0-DD99D0AA4298}.Release|Any CPU.ActiveCfg = Release|Any CPU
		{A6565789-E493-435F-ACF0-DD99D0AA4298}.Release|Any CPU.Build.0 = Release|Any CPU
		{D85A6D02-D300-4E2F-8EB1-ECB776040FA3}.Debug|Any CPU.ActiveCfg = Debug|Any CPU
		{D85A6D02-D300-4E2F-8EB1-ECB776040FA3}.Debug|Any CPU.Build.0 = Debug|Any CPU
		{D85A6D02-D300-4E2F-8EB1-ECB776040FA3}.Release|Any CPU.ActiveCfg = Release|Any CPU
		{D85A6D02-D300-4E2F-8EB1-ECB776040FA3}.Release|Any CPU.Build.0 = Release|Any CPU
		{27BCBB49-E191-47E6-A6C6-7737E6EAEB89}.Debug|Any CPU.ActiveCfg = Debug|Any CPU
		{27BCBB49-E191-47E6-A6C6-7737E6EAEB89}.Debug|Any CPU.Build.0 = Debug|Any CPU
		{27BCBB49-E191-47E6-A6C6-7737E6EAEB89}.Release|Any CPU.ActiveCfg = Release|Any CPU
		{27BCBB49-E191-47E6-A6C6-7737E6EAEB89}.Release|Any CPU.Build.0 = Release|Any CPU
		{E67CA834-8836-4475-9A85-2029769C6E38}.Debug|Any CPU.ActiveCfg = Debug|Any CPU
		{E67CA834-8836-4475-9A85-2029769C6E38}.Debug|Any CPU.Build.0 = Debug|Any CPU
		{E67CA834-8836-4475-9A85-2029769C6E38}.Release|Any CPU.ActiveCfg = Release|Any CPU
		{E67CA834-8836-4475-9A85-2029769C6E38}.Release|Any CPU.Build.0 = Release|Any CPU
	EndGlobalSection
	GlobalSection(SolutionProperties) = preSolution
		HideSolutionNode = FALSE
	EndGlobalSection
	GlobalSection(NestedProjects) = preSolution
		{117A7BB4-32C4-4698-A265-5942D555432F} = {81066B42-F222-4A49-84B5-F87B21B8F8F8}
		{6015B64F-0CC1-4F16-8344-B3E31D8197E1} = {D822EFFB-BFD4-47E4-A6D4-C6B6E417EB28}
		{96D4345C-7BDC-416B-8589-094170F10493} = {D822EFFB-BFD4-47E4-A6D4-C6B6E417EB28}
		{A6565789-E493-435F-ACF0-DD99D0AA4298} = {D822EFFB-BFD4-47E4-A6D4-C6B6E417EB28}
		{D85A6D02-D300-4E2F-8EB1-ECB776040FA3} = {D822EFFB-BFD4-47E4-A6D4-C6B6E417EB28}
		{27BCBB49-E191-47E6-A6C6-7737E6EAEB89} = {289631F1-FED9-4024-89D0-DEE45D78F76C}
		{E67CA834-8836-4475-9A85-2029769C6E38} = {B10BF4AD-C501-4886-804B-CFEEC6CBF731}
	EndGlobalSection
	GlobalSection(ExtensibilityGlobals) = postSolution
		SolutionGuid = {43DE1700-A68E-46A0-B289-054B2855F9D7}
	EndGlobalSection
EndGlobal
